// !$*UTF8*$!
{
	archiveVersion = 1;
	classes = {
	};
	objectVersion = 56;
	objects = {

/* Begin PBXBuildFile section */
		564C61C02B60589D0092E246 /* GameOfLifeApp.swift in Sources */ = {isa = PBXBuildFile; fileRef = 564C61BF2B60589D0092E246 /* GameOfLifeApp.swift */; };
		564C61C22B60589D0092E246 /* ContentView.swift in Sources */ = {isa = PBXBuildFile; fileRef = 564C61C12B60589D0092E246 /* ContentView.swift */; };
		564C61C42B60589F0092E246 /* Assets.xcassets in Resources */ = {isa = PBXBuildFile; fileRef = 564C61C32B60589F0092E246 /* Assets.xcassets */; };
		564C61C72B60589F0092E246 /* Preview Assets.xcassets in Resources */ = {isa = PBXBuildFile; fileRef = 564C61C62B60589F0092E246 /* Preview Assets.xcassets */; };
		564C61D12B6058A00092E246 /* GameOfLifeTests.swift in Sources */ = {isa = PBXBuildFile; fileRef = 564C61D02B6058A00092E246 /* GameOfLifeTests.swift */; };
		564C61DB2B6058A00092E246 /* GameOfLifeUITests.swift in Sources */ = {isa = PBXBuildFile; fileRef = 564C61DA2B6058A00092E246 /* GameOfLifeUITests.swift */; };
		564C61DD2B6058A00092E246 /* GameOfLifeUITestsLaunchTests.swift in Sources */ = {isa = PBXBuildFile; fileRef = 564C61DC2B6058A00092E246 /* GameOfLifeUITestsLaunchTests.swift */; };
/* End PBXBuildFile section */

/* Begin PBXContainerItemProxy section */
		564C61CD2B6058A00092E246 /* PBXContainerItemProxy */ = {
			isa = PBXContainerItemProxy;
			containerPortal = 564C61B42B60589D0092E246 /* Project object */;
			proxyType = 1;
			remoteGlobalIDString = 564C61BB2B60589D0092E246;
			remoteInfo = GameOfLife;
		};
		564C61D72B6058A00092E246 /* PBXContainerItemProxy */ = {
			isa = PBXContainerItemProxy;
			containerPortal = 564C61B42B60589D0092E246 /* Project object */;
			proxyType = 1;
			remoteGlobalIDString = 564C61BB2B60589D0092E246;
			remoteInfo = GameOfLife;
		};
/* End PBXContainerItemProxy section */

/* Begin PBXFileReference section */
		564C61BC2B60589D0092E246 /* GameOfLife.app */ = {isa = PBXFileReference; explicitFileType = wrapper.application; includeInIndex = 0; path = GameOfLife.app; sourceTree = BUILT_PRODUCTS_DIR; };
		564C61BF2B60589D0092E246 /* GameOfLifeApp.swift */ = {isa = PBXFileReference; lastKnownFileType = sourcecode.swift; path = GameOfLifeApp.swift; sourceTree = "<group>"; };
		564C61C12B60589D0092E246 /* ContentView.swift */ = {isa = PBXFileReference; lastKnownFileType = sourcecode.swift; path = ContentView.swift; sourceTree = "<group>"; };
		564C61C32B60589F0092E246 /* Assets.xcassets */ = {isa = PBXFileReference; lastKnownFileType = folder.assetcatalog; path = Assets.xcassets; sourceTree = "<group>"; };
		564C61C62B60589F0092E246 /* Preview Assets.xcassets */ = {isa = PBXFileReference; lastKnownFileType = folder.assetcatalog; path = "Preview Assets.xcassets"; sourceTree = "<group>"; };
		564C61CC2B6058A00092E246 /* GameOfLifeTests.xctest */ = {isa = PBXFileReference; explicitFileType = wrapper.cfbundle; includeInIndex = 0; path = GameOfLifeTests.xctest; sourceTree = BUILT_PRODUCTS_DIR; };
		564C61D02B6058A00092E246 /* GameOfLifeTests.swift */ = {isa = PBXFileReference; lastKnownFileType = sourcecode.swift; path = GameOfLifeTests.swift; sourceTree = "<group>"; };
		564C61D62B6058A00092E246 /* GameOfLifeUITests.xctest */ = {isa = PBXFileReference; explicitFileType = wrapper.cfbundle; includeInIndex = 0; path = GameOfLifeUITests.xctest; sourceTree = BUILT_PRODUCTS_DIR; };
		564C61DA2B6058A00092E246 /* GameOfLifeUITests.swift */ = {isa = PBXFileReference; lastKnownFileType = sourcecode.swift; path = GameOfLifeUITests.swift; sourceTree = "<group>"; };
		564C61DC2B6058A00092E246 /* GameOfLifeUITestsLaunchTests.swift */ = {isa = PBXFileReference; lastKnownFileType = sourcecode.swift; path = GameOfLifeUITestsLaunchTests.swift; sourceTree = "<group>"; };
/* End PBXFileReference section */

/* Begin PBXFrameworksBuildPhase section */
		564C61B92B60589D0092E246 /* Frameworks */ = {
			isa = PBXFrameworksBuildPhase;
			buildActionMask = 2147483647;
			files = (
			);
			runOnlyForDeploymentPostprocessing = 0;
		};
		564C61C92B6058A00092E246 /* Frameworks */ = {
			isa = PBXFrameworksBuildPhase;
			buildActionMask = 2147483647;
			files = (
			);
			runOnlyForDeploymentPostprocessing = 0;
		};
		564C61D32B6058A00092E246 /* Frameworks */ = {
			isa = PBXFrameworksBuildPhase;
			buildActionMask = 2147483647;
			files = (
			);
			runOnlyForDeploymentPostprocessing = 0;
		};
/* End PBXFrameworksBuildPhase section */

/* Begin PBXGroup section */
		564C61B32B60589D0092E246 = {
			isa = PBXGroup;
			children = (
				564C61BE2B60589D0092E246 /* GameOfLife */,
				564C61CF2B6058A00092E246 /* GameOfLifeTests */,
				564C61D92B6058A00092E246 /* GameOfLifeUITests */,
				564C61BD2B60589D0092E246 /* Products */,
			);
			sourceTree = "<group>";
		};
		564C61BD2B60589D0092E246 /* Products */ = {
			isa = PBXGroup;
			children = (
				564C61BC2B60589D0092E246 /* GameOfLife.app */,
				564C61CC2B6058A00092E246 /* GameOfLifeTests.xctest */,
				564C61D62B6058A00092E246 /* GameOfLifeUITests.xctest */,
			);
			name = Products;
			sourceTree = "<group>";
		};
		564C61BE2B60589D0092E246 /* GameOfLife */ = {
			isa = PBXGroup;
			children = (
				564C61BF2B60589D0092E246 /* GameOfLifeApp.swift */,
				564C61C12B60589D0092E246 /* ContentView.swift */,
				564C61C32B60589F0092E246 /* Assets.xcassets */,
				564C61C52B60589F0092E246 /* Preview Content */,
			);
			path = GameOfLife;
			sourceTree = "<group>";
		};
		564C61C52B60589F0092E246 /* Preview Content */ = {
			isa = PBXGroup;
			children = (
				564C61C62B60589F0092E246 /* Preview Assets.xcassets */,
			);
			path = "Preview Content";
			sourceTree = "<group>";
		};
		564C61CF2B6058A00092E246 /* GameOfLifeTests */ = {
			isa = PBXGroup;
			children = (
				564C61D02B6058A00092E246 /* GameOfLifeTests.swift */,
			);
			path = GameOfLifeTests;
			sourceTree = "<group>";
		};
		564C61D92B6058A00092E246 /* GameOfLifeUITests */ = {
			isa = PBXGroup;
			children = (
				564C61DA2B6058A00092E246 /* GameOfLifeUITests.swift */,
				564C61DC2B6058A00092E246 /* GameOfLifeUITestsLaunchTests.swift */,
			);
			path = GameOfLifeUITests;
			sourceTree = "<group>";
		};
/* End PBXGroup section */

/* Begin PBXNativeTarget section */
		564C61BB2B60589D0092E246 /* GameOfLife */ = {
			isa = PBXNativeTarget;
			buildConfigurationList = 564C61E02B6058A00092E246 /* Build configuration list for PBXNativeTarget "GameOfLife" */;
			buildPhases = (
				564C61B82B60589D0092E246 /* Sources */,
				564C61B92B60589D0092E246 /* Frameworks */,
				564C61BA2B60589D0092E246 /* Resources */,
			);
			buildRules = (
			);
			dependencies = (
			);
			name = GameOfLife;
			productName = GameOfLife;
			productReference = 564C61BC2B60589D0092E246 /* GameOfLife.app */;
			productType = "com.apple.product-type.application";
		};
		564C61CB2B6058A00092E246 /* GameOfLifeTests */ = {
			isa = PBXNativeTarget;
			buildConfigurationList = 564C61E32B6058A00092E246 /* Build configuration list for PBXNativeTarget "GameOfLifeTests" */;
			buildPhases = (
				564C61C82B6058A00092E246 /* Sources */,
				564C61C92B6058A00092E246 /* Frameworks */,
				564C61CA2B6058A00092E246 /* Resources */,
			);
			buildRules = (
			);
			dependencies = (
				564C61CE2B6058A00092E246 /* PBXTargetDependency */,
			);
			name = GameOfLifeTests;
			productName = GameOfLifeTests;
			productReference = 564C61CC2B6058A00092E246 /* GameOfLifeTests.xctest */;
			productType = "com.apple.product-type.bundle.unit-test";
		};
		564C61D52B6058A00092E246 /* GameOfLifeUITests */ = {
			isa = PBXNativeTarget;
			buildConfigurationList = 564C61E62B6058A00092E246 /* Build configuration list for PBXNativeTarget "GameOfLifeUITests" */;
			buildPhases = (
				564C61D22B6058A00092E246 /* Sources */,
				564C61D32B6058A00092E246 /* Frameworks */,
				564C61D42B6058A00092E246 /* Resources */,
			);
			buildRules = (
			);
			dependencies = (
				564C61D82B6058A00092E246 /* PBXTargetDependency */,
			);
			name = GameOfLifeUITests;
			productName = GameOfLifeUITests;
			productReference = 564C61D62B6058A00092E246 /* GameOfLifeUITests.xctest */;
			productType = "com.apple.product-type.bundle.ui-testing";
		};
/* End PBXNativeTarget section */

/* Begin PBXProject section */
		564C61B42B60589D0092E246 /* Project object */ = {
			isa = PBXProject;
			attributes = {
				BuildIndependentTargetsInParallel = 1;
				LastSwiftUpdateCheck = 1500;
				LastUpgradeCheck = 1500;
				TargetAttributes = {
					564C61BB2B60589D0092E246 = {
						CreatedOnToolsVersion = 15.0;
					};
					564C61CB2B6058A00092E246 = {
						CreatedOnToolsVersion = 15.0;
						TestTargetID = 564C61BB2B60589D0092E246;
					};
					564C61D52B6058A00092E246 = {
						CreatedOnToolsVersion = 15.0;
						TestTargetID = 564C61BB2B60589D0092E246;
					};
				};
			};
			buildConfigurationList = 564C61B72B60589D0092E246 /* Build configuration list for PBXProject "GameOfLife" */;
			compatibilityVersion = "Xcode 14.0";
			developmentRegion = en;
			hasScannedForEncodings = 0;
			knownRegions = (
				en,
				Base,
			);
			mainGroup = 564C61B32B60589D0092E246;
			productRefGroup = 564C61BD2B60589D0092E246 /* Products */;
			projectDirPath = "";
			projectRoot = "";
			targets = (
				564C61BB2B60589D0092E246 /* GameOfLife */,
				564C61CB2B6058A00092E246 /* GameOfLifeTests */,
				564C61D52B6058A00092E246 /* GameOfLifeUITests */,
			);
		};
/* End PBXProject section */

/* Begin PBXResourcesBuildPhase section */
		564C61BA2B60589D0092E246 /* Resources */ = {
			isa = PBXResourcesBuildPhase;
			buildActionMask = 2147483647;
			files = (
				564C61C72B60589F0092E246 /* Preview Assets.xcassets in Resources */,
				564C61C42B60589F0092E246 /* Assets.xcassets in Resources */,
			);
			runOnlyForDeploymentPostprocessing = 0;
		};
		564C61CA2B6058A00092E246 /* Resources */ = {
			isa = PBXResourcesBuildPhase;
			buildActionMask = 2147483647;
			files = (
			);
			runOnlyForDeploymentPostprocessing = 0;
		};
		564C61D42B6058A00092E246 /* Resources */ = {
			isa = PBXResourcesBuildPhase;
			buildActionMask = 2147483647;
			files = (
			);
			runOnlyForDeploymentPostprocessing = 0;
		};
/* End PBXResourcesBuildPhase section */

/* Begin PBXSourcesBuildPhase section */
		564C61B82B60589D0092E246 /* Sources */ = {
			isa = PBXSourcesBuildPhase;
			buildActionMask = 2147483647;
			files = (
				564C61C22B60589D0092E246 /* ContentView.swift in Sources */,
				564C61C02B60589D0092E246 /* GameOfLifeApp.swift in Sources */,
			);
			runOnlyForDeploymentPostprocessing = 0;
		};
		564C61C82B6058A00092E246 /* Sources */ = {
			isa = PBXSourcesBuildPhase;
			buildActionMask = 2147483647;
			files = (
				564C61D12B6058A00092E246 /* GameOfLifeTests.swift in Sources */,
			);
			runOnlyForDeploymentPostprocessing = 0;
		};
		564C61D22B6058A00092E246 /* Sources */ = {
			isa = PBXSourcesBuildPhase;
			buildActionMask = 2147483647;
			files = (
				564C61DB2B6058A00092E246 /* GameOfLifeUITests.swift in Sources */,
				564C61DD2B6058A00092E246 /* GameOfLifeUITestsLaunchTests.swift in Sources */,
			);
			runOnlyForDeploymentPostprocessing = 0;
		};
/* End PBXSourcesBuildPhase section */

/* Begin PBXTargetDependency section */
		564C61CE2B6058A00092E246 /* PBXTargetDependency */ = {
			isa = PBXTargetDependency;
			target = 564C61BB2B60589D0092E246 /* GameOfLife */;
			targetProxy = 564C61CD2B6058A00092E246 /* PBXContainerItemProxy */;
		};
		564C61D82B6058A00092E246 /* PBXTargetDependency */ = {
			isa = PBXTargetDependency;
			target = 564C61BB2B60589D0092E246 /* GameOfLife */;
			targetProxy = 564C61D72B6058A00092E246 /* PBXContainerItemProxy */;
		};
/* End PBXTargetDependency section */

/* Begin XCBuildConfiguration section */
		564C61DE2B6058A00092E246 /* Debug */ = {
			isa = XCBuildConfiguration;
			buildSettings = {
				ALWAYS_SEARCH_USER_PATHS = NO;
				ASSETCATALOG_COMPILER_GENERATE_SWIFT_ASSET_SYMBOL_EXTENSIONS = YES;
				CLANG_ANALYZER_NONNULL = YES;
				CLANG_ANALYZER_NUMBER_OBJECT_CONVERSION = YES_AGGRESSIVE;
				CLANG_CXX_LANGUAGE_STANDARD = "gnu++20";
				CLANG_ENABLE_MODULES = YES;
				CLANG_ENABLE_OBJC_ARC = YES;
				CLANG_ENABLE_OBJC_WEAK = YES;
				CLANG_WARN_BLOCK_CAPTURE_AUTORELEASING = YES;
				CLANG_WARN_BOOL_CONVERSION = YES;
				CLANG_WARN_COMMA = YES;
				CLANG_WARN_CONSTANT_CONVERSION = YES;
				CLANG_WARN_DEPRECATED_OBJC_IMPLEMENTATIONS = YES;
				CLANG_WARN_DIRECT_OBJC_ISA_USAGE = YES_ERROR;
				CLANG_WARN_DOCUMENTATION_COMMENTS = YES;
				CLANG_WARN_EMPTY_BODY = YES;
				CLANG_WARN_ENUM_CONVERSION = YES;
				CLANG_WARN_INFINITE_RECURSION = YES;
				CLANG_WARN_INT_CONVERSION = YES;
				CLANG_WARN_NON_LITERAL_NULL_CONVERSION = YES;
				CLANG_WARN_OBJC_IMPLICIT_RETAIN_SELF = YES;
				CLANG_WARN_OBJC_LITERAL_CONVERSION = YES;
				CLANG_WARN_OBJC_ROOT_CLASS = YES_ERROR;
				CLANG_WARN_QUOTED_INCLUDE_IN_FRAMEWORK_HEADER = YES;
				CLANG_WARN_RANGE_LOOP_ANALYSIS = YES;
				CLANG_WARN_STRICT_PROTOTYPES = YES;
				CLANG_WARN_SUSPICIOUS_MOVE = YES;
				CLANG_WARN_UNGUARDED_AVAILABILITY = YES_AGGRESSIVE;
				CLANG_WARN_UNREACHABLE_CODE = YES;
				CLANG_WARN__DUPLICATE_METHOD_MATCH = YES;
				COPY_PHASE_STRIP = NO;
				DEBUG_INFORMATION_FORMAT = dwarf;
				ENABLE_STRICT_OBJC_MSGSEND = YES;
				ENABLE_TESTABILITY = YES;
				ENABLE_USER_SCRIPT_SANDBOXING = YES;
				GCC_C_LANGUAGE_STANDARD = gnu17;
				GCC_DYNAMIC_NO_PIC = NO;
				GCC_NO_COMMON_BLOCKS = YES;
				GCC_OPTIMIZATION_LEVEL = 0;
				GCC_PREPROCESSOR_DEFINITIONS = (
					"DEBUG=1",
					"$(inherited)",
				);
				GCC_WARN_64_TO_32_BIT_CONVERSION = YES;
				GCC_WARN_ABOUT_RETURN_TYPE = YES_ERROR;
				GCC_WARN_UNDECLARED_SELECTOR = YES;
				GCC_WARN_UNINITIALIZED_AUTOS = YES_AGGRESSIVE;
				GCC_WARN_UNUSED_FUNCTION = YES;
				GCC_WARN_UNUSED_VARIABLE = YES;
				IPHONEOS_DEPLOYMENT_TARGET = 17.0;
				LOCALIZATION_PREFERS_STRING_CATALOGS = YES;
				MTL_ENABLE_DEBUG_INFO = INCLUDE_SOURCE;
				MTL_FAST_MATH = YES;
				ONLY_ACTIVE_ARCH = YES;
				SDKROOT = iphoneos;
				SWIFT_ACTIVE_COMPILATION_CONDITIONS = "DEBUG $(inherited)";
				SWIFT_OPTIMIZATION_LEVEL = "-Onone";
			};
			name = Debug;
		};
		564C61DF2B6058A00092E246 /* Release */ = {
			isa = XCBuildConfiguration;
			buildSettings = {
				ALWAYS_SEARCH_USER_PATHS = NO;
				ASSETCATALOG_COMPILER_GENERATE_SWIFT_ASSET_SYMBOL_EXTENSIONS = YES;
				CLANG_ANALYZER_NONNULL = YES;
				CLANG_ANALYZER_NUMBER_OBJECT_CONVERSION = YES_AGGRESSIVE;
				CLANG_CXX_LANGUAGE_STANDARD = "gnu++20";
				CLANG_ENABLE_MODULES = YES;
				CLANG_ENABLE_OBJC_ARC = YES;
				CLANG_ENABLE_OBJC_WEAK = YES;
				CLANG_WARN_BLOCK_CAPTURE_AUTORELEASING = YES;
				CLANG_WARN_BOOL_CONVERSION = YES;
				CLANG_WARN_COMMA = YES;
				CLANG_WARN_CONSTANT_CONVERSION = YES;
				CLANG_WARN_DEPRECATED_OBJC_IMPLEMENTATIONS = YES;
				CLANG_WARN_DIRECT_OBJC_ISA_USAGE = YES_ERROR;
				CLANG_WARN_DOCUMENTATION_COMMENTS = YES;
				CLANG_WARN_EMPTY_BODY = YES;
				CLANG_WARN_ENUM_CONVERSION = YES;
				CLANG_WARN_INFINITE_RECURSION = YES;
				CLANG_WARN_INT_CONVERSION = YES;
				CLANG_WARN_NON_LITERAL_NULL_CONVERSION = YES;
				CLANG_WARN_OBJC_IMPLICIT_RETAIN_SELF = YES;
				CLANG_WARN_OBJC_LITERAL_CONVERSION = YES;
				CLANG_WARN_OBJC_ROOT_CLASS = YES_ERROR;
				CLANG_WARN_QUOTED_INCLUDE_IN_FRAMEWORK_HEADER = YES;
				CLANG_WARN_RANGE_LOOP_ANALYSIS = YES;
				CLANG_WARN_STRICT_PROTOTYPES = YES;
				CLANG_WARN_SUSPICIOUS_MOVE = YES;
				CLANG_WARN_UNGUARDED_AVAILABILITY = YES_AGGRESSIVE;
				CLANG_WARN_UNREACHABLE_CODE = YES;
				CLANG_WARN__DUPLICATE_METHOD_MATCH = YES;
				COPY_PHASE_STRIP = NO;
				DEBUG_INFORMATION_FORMAT = "dwarf-with-dsym";
				ENABLE_NS_ASSERTIONS = NO;
				ENABLE_STRICT_OBJC_MSGSEND = YES;
				ENABLE_USER_SCRIPT_SANDBOXING = YES;
				GCC_C_LANGUAGE_STANDARD = gnu17;
				GCC_NO_COMMON_BLOCKS = YES;
				GCC_WARN_64_TO_32_BIT_CONVERSION = YES;
				GCC_WARN_ABOUT_RETURN_TYPE = YES_ERROR;
				GCC_WARN_UNDECLARED_SELECTOR = YES;
				GCC_WARN_UNINITIALIZED_AUTOS = YES_AGGRESSIVE;
				GCC_WARN_UNUSED_FUNCTION = YES;
				GCC_WARN_UNUSED_VARIABLE = YES;
				IPHONEOS_DEPLOYMENT_TARGET = 17.0;
				LOCALIZATION_PREFERS_STRING_CATALOGS = YES;
				MTL_ENABLE_DEBUG_INFO = NO;
				MTL_FAST_MATH = YES;
				SDKROOT = iphoneos;
				SWIFT_COMPILATION_MODE = wholemodule;
				VALIDATE_PRODUCT = YES;
			};
			name = Release;
		};
		564C61E12B6058A00092E246 /* Debug */ = {
			isa = XCBuildConfiguration;
			buildSettings = {
				ASSETCATALOG_COMPILER_APPICON_NAME = AppIcon;
				ASSETCATALOG_COMPILER_GLOBAL_ACCENT_COLOR_NAME = AccentColor;
				CODE_SIGN_STYLE = Automatic;
				CURRENT_PROJECT_VERSION = 1;
				DEVELOPMENT_ASSET_PATHS = "\"GameOfLife/Preview Content\"";
				DEVELOPMENT_TEAM = RF4LJPC23U;
				ENABLE_PREVIEWS = YES;
				GENERATE_INFOPLIST_FILE = YES;
				INFOPLIST_KEY_UIApplicationSceneManifest_Generation = YES;
				INFOPLIST_KEY_UIApplicationSupportsIndirectInputEvents = YES;
				INFOPLIST_KEY_UILaunchScreen_Generation = YES;
				INFOPLIST_KEY_UISupportedInterfaceOrientations_iPad = "UIInterfaceOrientationPortrait UIInterfaceOrientationPortraitUpsideDown UIInterfaceOrientationLandscapeLeft UIInterfaceOrientationLandscapeRight";
				INFOPLIST_KEY_UISupportedInterfaceOrientations_iPhone = "UIInterfaceOrientationPortrait UIInterfaceOrientationLandscapeLeft UIInterfaceOrientationLandscapeRight";
				LD_RUNPATH_SEARCH_PATHS = (
					"$(inherited)",
					"@executable_path/Frameworks",
				);
				MARKETING_VERSION = 1.0;
				PRODUCT_BUNDLE_IDENTIFIER = com.samedialabs.GameOfLife.GameOfLife;
				PRODUCT_NAME = "$(TARGET_NAME)";
				SWIFT_EMIT_LOC_STRINGS = YES;
				SWIFT_VERSION = 5.0;
				TARGETED_DEVICE_FAMILY = "1,2";
			};
			name = Debug;
		};
		564C61E22B6058A00092E246 /* Release */ = {
			isa = XCBuildConfiguration;
			buildSettings = {
				ASSETCATALOG_COMPILER_APPICON_NAME = AppIcon;
				ASSETCATALOG_COMPILER_GLOBAL_ACCENT_COLOR_NAME = AccentColor;
				CODE_SIGN_STYLE = Automatic;
				CURRENT_PROJECT_VERSION = 1;
				DEVELOPMENT_ASSET_PATHS = "\"GameOfLife/Preview Content\"";
				DEVELOPMENT_TEAM = RF4LJPC23U;
				ENABLE_PREVIEWS = YES;
				GENERATE_INFOPLIST_FILE = YES;
				INFOPLIST_KEY_UIApplicationSceneManifest_Generation = YES;
				INFOPLIST_KEY_UIApplicationSupportsIndirectInputEvents = YES;
				INFOPLIST_KEY_UILaunchScreen_Generation = YES;
				INFOPLIST_KEY_UISupportedInterfaceOrientations_iPad = "UIInterfaceOrientationPortrait UIInterfaceOrientationPortraitUpsideDown UIInterfaceOrientationLandscapeLeft UIInterfaceOrientationLandscapeRight";
				INFOPLIST_KEY_UISupportedInterfaceOrientations_iPhone = "UIInterfaceOrientationPortrait UIInterfaceOrientationLandscapeLeft UIInterfaceOrientationLandscapeRight";
				LD_RUNPATH_SEARCH_PATHS = (
					"$(inherited)",
					"@executable_path/Frameworks",
				);
				MARKETING_VERSION = 1.0;
				PRODUCT_BUNDLE_IDENTIFIER = com.samedialabs.GameOfLife.GameOfLife;
				PRODUCT_NAME = "$(TARGET_NAME)";
				SWIFT_EMIT_LOC_STRINGS = YES;
				SWIFT_VERSION = 5.0;
				TARGETED_DEVICE_FAMILY = "1,2";
			};
			name = Release;
		};
		564C61E42B6058A00092E246 /* Debug */ = {
			isa = XCBuildConfiguration;
			buildSettings = {
				ALWAYS_EMBED_SWIFT_STANDARD_LIBRARIES = YES;
				BUNDLE_LOADER = "$(TEST_HOST)";
				CODE_SIGN_STYLE = Automatic;
				CURRENT_PROJECT_VERSION = 1;
				DEVELOPMENT_TEAM = RF4LJPC23U;
				GENERATE_INFOPLIST_FILE = YES;
				IPHONEOS_DEPLOYMENT_TARGET = 17.0;
				MARKETING_VERSION = 1.0;
				PRODUCT_BUNDLE_IDENTIFIER = com.samedialabs.GameOfLife.GameOfLifeTests;
				PRODUCT_NAME = "$(TARGET_NAME)";
				SWIFT_EMIT_LOC_STRINGS = NO;
				SWIFT_VERSION = 5.0;
				TARGETED_DEVICE_FAMILY = "1,2";
				TEST_HOST = "$(BUILT_PRODUCTS_DIR)/GameOfLife.app/$(BUNDLE_EXECUTABLE_FOLDER_PATH)/GameOfLife";
			};
			name = Debug;
		};
		564C61E52B6058A00092E246 /* Release */ = {
			isa = XCBuildConfiguration;
			buildSettings = {
				ALWAYS_EMBED_SWIFT_STANDARD_LIBRARIES = YES;
				BUNDLE_LOADER = "$(TEST_HOST)";
				CODE_SIGN_STYLE = Automatic;
				CURRENT_PROJECT_VERSION = 1;
				DEVELOPMENT_TEAM = RF4LJPC23U;
				GENERATE_INFOPLIST_FILE = YES;
				IPHONEOS_DEPLOYMENT_TARGET = 17.0;
				MARKETING_VERSION = 1.0;
				PRODUCT_BUNDLE_IDENTIFIER = com.samedialabs.GameOfLife.GameOfLifeTests;
				PRODUCT_NAME = "$(TARGET_NAME)";
				SWIFT_EMIT_LOC_STRINGS = NO;
				SWIFT_VERSION = 5.0;
				TARGETED_DEVICE_FAMILY = "1,2";
				TEST_HOST = "$(BUILT_PRODUCTS_DIR)/GameOfLife.app/$(BUNDLE_EXECUTABLE_FOLDER_PATH)/GameOfLife";
			};
			name = Release;
		};
		564C61E72B6058A00092E246 /* Debug */ = {
			isa = XCBuildConfiguration;
			buildSettings = {
				ALWAYS_EMBED_SWIFT_STANDARD_LIBRARIES = YES;
				CODE_SIGN_STYLE = Automatic;
				CURRENT_PROJECT_VERSION = 1;
				DEVELOPMENT_TEAM = RF4LJPC23U;
				GENERATE_INFOPLIST_FILE = YES;
				MARKETING_VERSION = 1.0;
				PRODUCT_BUNDLE_IDENTIFIER = com.samedialabs.GameOfLife.GameOfLifeUITests;
				PRODUCT_NAME = "$(TARGET_NAME)";
				SWIFT_EMIT_LOC_STRINGS = NO;
				SWIFT_VERSION = 5.0;
				TARGETED_DEVICE_FAMILY = "1,2";
				TEST_TARGET_NAME = GameOfLife;
			};
			name = Debug;
		};
		564C61E82B6058A00092E246 /* Release */ = {
			isa = XCBuildConfiguration;
			buildSettings = {
				ALWAYS_EMBED_SWIFT_STANDARD_LIBRARIES = YES;
				CODE_SIGN_STYLE = Automatic;
				CURRENT_PROJECT_VERSION = 1;
				DEVELOPMENT_TEAM = RF4LJPC23U;
				GENERATE_INFOPLIST_FILE = YES;
				MARKETING_VERSION = 1.0;
				PRODUCT_BUNDLE_IDENTIFIER = com.samedialabs.GameOfLife.GameOfLifeUITests;
				PRODUCT_NAME = "$(TARGET_NAME)";
				SWIFT_EMIT_LOC_STRINGS = NO;
				SWIFT_VERSION = 5.0;
				TARGETED_DEVICE_FAMILY = "1,2";
				TEST_TARGET_NAME = GameOfLife;
			};
			name = Release;
		};
/* End XCBuildConfiguration section */

/* Begin XCConfigurationList section */
		564C61B72B60589D0092E246 /* Build configuration list for PBXProject "GameOfLife" */ = {
			isa = XCConfigurationList;
			buildConfigurations = (
				564C61DE2B6058A00092E246 /* Debug */,
				564C61DF2B6058A00092E246 /* Release */,
			);
			defaultConfigurationIsVisible = 0;
			defaultConfigurationName = Release;
		};
		564C61E02B6058A00092E246 /* Build configuration list for PBXNativeTarget "GameOfLife" */ = {
			isa = XCConfigurationList;
			buildConfigurations = (
				564C61E12B6058A00092E246 /* Debug */,
				564C61E22B6058A00092E246 /* Release */,
			);
			defaultConfigurationIsVisible = 0;
			defaultConfigurationName = Release;
		};
		564C61E32B6058A00092E246 /* Build configuration list for PBXNativeTarget "GameOfLifeTests" */ = {
			isa = XCConfigurationList;
			buildConfigurations = (
				564C61E42B6058A00092E246 /* Debug */,
				564C61E52B6058A00092E246 /* Release */,
			);
			defaultConfigurationIsVisible = 0;
			defaultConfigurationName = Release;
		};
		564C61E62B6058A00092E246 /* Build configuration list for PBXNativeTarget "GameOfLifeUITests" */ = {
			isa = XCConfigurationList;
			buildConfigurations = (
				564C61E72B6058A00092E246 /* Debug */,
				564C61E82B6058A00092E246 /* Release */,
			);
			defaultConfigurationIsVisible = 0;
			defaultConfigurationName = Release;
		};
/* End XCConfigurationList section */
	};
	rootObject = 564C61B42B60589D0092E246 /* Project object */;
}
